Microsoft Visual Studio Solution File, Format Version 12.00
# Visual Studio Version 17
VisualStudioVersion = 17.1.32319.34
MinimumVisualStudioVersion = 10.0.40219.1
Project("{2150E333-8FDC-42A3-9474-1A3956D46DE8}") = "Solution Items", "Solution Items", "{24F75724-153B-4B66-BBEA-278B07743EDA}"
	ProjectSection(SolutionItems) = preProject
		.editorconfig = .editorconfig
		.gitignore = .gitignore
	EndProjectSection
EndProject
Project("{2150E333-8FDC-42A3-9474-1A3956D46DE8}") = "0.Utility", "0.Utility", "{3D8556A2-9AC8-482C-97C6-06B065CDF04D}"
EndProject
Project("{FAE04EC0-301F-11D3-BF4B-00C04F79EFBC}") = "PathSelector", "Utility\PathSelector\PathSelector.csproj", "{D2BA6DA9-7EDC-4BEB-A9B6-17FE50E1BCA6}"
EndProject
Project("{FAE04EC0-301F-11D3-BF4B-00C04F79EFBC}") = "RestartExplorer", "Utility\RestartExplorer\RestartExplorer.csproj", "{D7E17942-A57E-4A43-AEF3-F9327B12C22C}"
EndProject
Project("{2150E333-8FDC-42A3-9474-1A3956D46DE8}") = "1.Registration", "1.Registration", "{D55736E7-15E8-4E4C-8095-71F78A1C0D79}"
EndProject
Project("{FAE04EC0-301F-11D3-BF4B-00C04F79EFBC}") = "DllRegistrator", "Registration\DllRegistrator\DllRegistrator.csproj", "{B13C7514-3AD2-498A-9C09-72D7ADFC31E1}"
EndProject
Project("{FAE04EC0-301F-11D3-BF4B-00C04F79EFBC}") = "RegistrationHandler", "Registration\RegistrationHandler\RegistrationHandler.csproj", "{F39B9C44-0A10-462D-9067-5480F66F880B}"
EndProject
Project("{2150E333-8FDC-42A3-9474-1A3956D46DE8}") = "2.QuickAction", "2.QuickAction", "{74D2BFB9-5FA5-40EA-B959-2E8ADCF0C221}"
EndProject
Project("{FAE04EC0-301F-11D3-BF4B-00C04F79EFBC}") = "QuickActionExtension", "QuickAction\QuickActionExtension\QuickActionExtension.csproj", "{2360E5F6-E88E-4479-8F89-3E4919099581}"
EndProject
Project("{2150E333-8FDC-42A3-9474-1A3956D46DE8}") = "3.EntryDateManager", "3.EntryDateManager", "{FBED520D-8815-46BD-9A7C-3F495FE45A49}"
EndProject
Project("{FAE04EC0-301F-11D3-BF4B-00C04F79EFBC}") = "EntryDateCopier", "EntryDateManager\EntryDateCopier\EntryDateCopier.csproj", "{8C94E19F-B918-4215-AE01-7564045760AE}"
EndProject
Project("{FAE04EC0-301F-11D3-BF4B-00C04F79EFBC}") = "EntryDateCopier.Test", "EntryDateManager\EntryDateCopier.Test\EntryDateCopier.Test.csproj", "{77D21FC6-6155-49FB-A634-E9422F1994AA}"
EndProject
Project("{FAE04EC0-301F-11D3-BF4B-00C04F79EFBC}") = "EntryDateSetter", "EntryDateManager\EntryDateSetter\EntryDateSetter.csproj", "{FC8238F0-2F0B-4CD5-9F8C-194DFAFD78DC}"
EndProject
Project("{2150E333-8FDC-42A3-9474-1A3956D46DE8}") = "4.Miscellany", "4.Miscellany", "{2E553268-CDAD-40D9-85F1-73381ABE06CC}"
EndProject
Project("{FAE04EC0-301F-11D3-BF4B-00C04F79EFBC}") = "FolderOperation", "Miscellany\FolderOperation\FolderOperation.csproj", "{66B76E78-C5D4-42B5-8CB6-8D0C6915EB55}"
EndProject
Project("{FAE04EC0-301F-11D3-BF4B-00C04F79EFBC}") = "SymbolLinkTool", "Miscellany\SymbolLinkTool\SymbolLinkTool.csproj", "{FFA071AF-7B63-4753-A948-9153D7CAA343}"
EndProject
Project("{FAE04EC0-301F-11D3-BF4B-00C04F79EFBC}") = "Sv2v", "Miscellany\Sv2v\Sv2v.csproj", "{542B9EA2-96A6-4443-B5F7-425065187B3F}"
EndProject
Project("{FAE04EC0-301F-11D3-BF4B-00C04F79EFBC}") = "NcmConverter", "Miscellany\NcmConverter\NcmConverter.csproj", "{9AEE89AE-FD7F-4823-BF57-81270B2726D7}"
EndProject
Project("{FAE04EC0-301F-11D3-BF4B-00C04F79EFBC}") = "ShellExtensionManager", "Registration\ShellExtensionManager\ShellExtensionManager.csproj", "{C5064AE6-72A4-4D60-90A0-0CE2ED9134C7}"
EndProject
Project("{FAE04EC0-301F-11D3-BF4B-00C04F79EFBC}") = "ExplorerRestarter", "Miscellany\ExplorerRestarter\ExplorerRestarter.csproj", "{D1AC80DC-1A65-4035-9AAF-82F2DBF1673C}"
EndProject
Project("{FAE04EC0-301F-11D3-BF4B-00C04F79EFBC}") = "FolderOperation.Test", "Miscellany\FolderOperation.Test\FolderOperation.Test.csproj", "{5B5E654E-5837-48E8-B97C-92706BA17D0A}"
EndProject
Global
	GlobalSection(SolutionConfigurationPlatforms) = preSolution
		Debug|Any CPU = Debug|Any CPU
		Debug|x64 = Debug|x64
		Release|Any CPU = Release|Any CPU
		Release|x64 = Release|x64
	EndGlobalSection
	GlobalSection(ProjectConfigurationPlatforms) = postSolution
		{D2BA6DA9-7EDC-4BEB-A9B6-17FE50E1BCA6}.Debug|Any CPU.ActiveCfg = Debug|Any CPU
		{D2BA6DA9-7EDC-4BEB-A9B6-17FE50E1BCA6}.Debug|Any CPU.Build.0 = Debug|Any CPU
		{D2BA6DA9-7EDC-4BEB-A9B6-17FE50E1BCA6}.Debug|x64.ActiveCfg = Debug|Any CPU
		{D2BA6DA9-7EDC-4BEB-A9B6-17FE50E1BCA6}.Debug|x64.Build.0 = Debug|Any CPU
		{D2BA6DA9-7EDC-4BEB-A9B6-17FE50E1BCA6}.Release|Any CPU.ActiveCfg = Release|Any CPU
		{D2BA6DA9-7EDC-4BEB-A9B6-17FE50E1BCA6}.Release|Any CPU.Build.0 = Release|Any CPU
		{D2BA6DA9-7EDC-4BEB-A9B6-17FE50E1BCA6}.Release|x64.ActiveCfg = Release|Any CPU
		{D2BA6DA9-7EDC-4BEB-A9B6-17FE50E1BCA6}.Release|x64.Build.0 = Release|Any CPU
		{D7E17942-A57E-4A43-AEF3-F9327B12C22C}.Debug|Any CPU.ActiveCfg = Debug|Any CPU
		{D7E17942-A57E-4A43-AEF3-F9327B12C22C}.Debug|Any CPU.Build.0 = Debug|Any CPU
		{D7E17942-A57E-4A43-AEF3-F9327B12C22C}.Debug|x64.ActiveCfg = Debug|Any CPU
		{D7E17942-A57E-4A43-AEF3-F9327B12C22C}.Debug|x64.Build.0 = Debug|Any CPU
		{D7E17942-A57E-4A43-AEF3-F9327B12C22C}.Release|Any CPU.ActiveCfg = Release|Any CPU
		{D7E17942-A57E-4A43-AEF3-F9327B12C22C}.Release|Any CPU.Build.0 = Release|Any CPU
		{D7E17942-A57E-4A43-AEF3-F9327B12C22C}.Release|x64.ActiveCfg = Release|Any CPU
		{D7E17942-A57E-4A43-AEF3-F9327B12C22C}.Release|x64.Build.0 = Release|Any CPU
		{B13C7514-3AD2-498A-9C09-72D7ADFC31E1}.Debug|Any CPU.ActiveCfg = Debug|Any CPU
		{B13C7514-3AD2-498A-9C09-72D7ADFC31E1}.Debug|Any CPU.Build.0 = Debug|Any CPU
		{B13C7514-3AD2-498A-9C09-72D7ADFC31E1}.Debug|x64.ActiveCfg = Debug|Any CPU
		{B13C7514-3AD2-498A-9C09-72D7ADFC31E1}.Debug|x64.Build.0 = Debug|Any CPU
		{B13C7514-3AD2-498A-9C09-72D7ADFC31E1}.Release|Any CPU.ActiveCfg = Release|Any CPU
		{B13C7514-3AD2-498A-9C09-72D7ADFC31E1}.Release|Any CPU.Build.0 = Release|Any CPU
		{B13C7514-3AD2-498A-9C09-72D7ADFC31E1}.Release|x64.ActiveCfg = Release|Any CPU
		{B13C7514-3AD2-498A-9C09-72D7ADFC31E1}.Release|x64.Build.0 = Release|Any CPU
		{F39B9C44-0A10-462D-9067-5480F66F880B}.Debug|Any CPU.ActiveCfg = Debug|Any CPU
		{F39B9C44-0A10-462D-9067-5480F66F880B}.Debug|Any CPU.Build.0 = Debug|Any CPU
		{F39B9C44-0A10-462D-9067-5480F66F880B}.Debug|x64.ActiveCfg = Debug|Any CPU
		{F39B9C44-0A10-462D-9067-5480F66F880B}.Debug|x64.Build.0 = Debug|Any CPU
		{F39B9C44-0A10-462D-9067-5480F66F880B}.Release|Any CPU.ActiveCfg = Release|Any CPU
		{F39B9C44-0A10-462D-9067-5480F66F880B}.Release|Any CPU.Build.0 = Release|Any CPU
		{F39B9C44-0A10-462D-9067-5480F66F880B}.Release|x64.ActiveCfg = Release|Any CPU
		{F39B9C44-0A10-462D-9067-5480F66F880B}.Release|x64.Build.0 = Release|Any CPU
		{2360E5F6-E88E-4479-8F89-3E4919099581}.Debug|Any CPU.ActiveCfg = Debug|Any CPU
		{2360E5F6-E88E-4479-8F89-3E4919099581}.Debug|Any CPU.Build.0 = Debug|Any CPU
		{2360E5F6-E88E-4479-8F89-3E4919099581}.Debug|x64.ActiveCfg = Debug|Any CPU
		{2360E5F6-E88E-4479-8F89-3E4919099581}.Debug|x64.Build.0 = Debug|Any CPU
		{2360E5F6-E88E-4479-8F89-3E4919099581}.Release|Any CPU.ActiveCfg = Release|Any CPU
		{2360E5F6-E88E-4479-8F89-3E4919099581}.Release|Any CPU.Build.0 = Release|Any CPU
		{2360E5F6-E88E-4479-8F89-3E4919099581}.Release|x64.ActiveCfg = Release|Any CPU
		{2360E5F6-E88E-4479-8F89-3E4919099581}.Release|x64.Build.0 = Release|Any CPU
		{8C94E19F-B918-4215-AE01-7564045760AE}.Debug|Any CPU.ActiveCfg = Debug|Any CPU
		{8C94E19F-B918-4215-AE01-7564045760AE}.Debug|Any CPU.Build.0 = Debug|Any CPU
		{8C94E19F-B918-4215-AE01-7564045760AE}.Debug|x64.ActiveCfg = Debug|Any CPU
		{8C94E19F-B918-4215-AE01-7564045760AE}.Debug|x64.Build.0 = Debug|Any CPU
		{8C94E19F-B918-4215-AE01-7564045760AE}.Release|Any CPU.ActiveCfg = Release|Any CPU
		{8C94E19F-B918-4215-AE01-7564045760AE}.Release|Any CPU.Build.0 = Release|Any CPU
		{8C94E19F-B918-4215-AE01-7564045760AE}.Release|x64.ActiveCfg = Release|Any CPU
		{8C94E19F-B918-4215-AE01-7564045760AE}.Release|x64.Build.0 = Release|Any CPU
		{77D21FC6-6155-49FB-A634-E9422F1994AA}.Debug|Any CPU.ActiveCfg = Debug|Any CPU
		{77D21FC6-6155-49FB-A634-E9422F1994AA}.Debug|Any CPU.Build.0 = Debug|Any CPU
		{77D21FC6-6155-49FB-A634-E9422F1994AA}.Debug|x64.ActiveCfg = Debug|Any CPU
		{77D21FC6-6155-49FB-A634-E9422F1994AA}.Debug|x64.Build.0 = Debug|Any CPU
		{77D21FC6-6155-49FB-A634-E9422F1994AA}.Release|Any CPU.ActiveCfg = Release|Any CPU
		{77D21FC6-6155-49FB-A634-E9422F1994AA}.Release|Any CPU.Build.0 = Release|Any CPU
		{77D21FC6-6155-49FB-A634-E9422F1994AA}.Release|x64.ActiveCfg = Release|Any CPU
		{77D21FC6-6155-49FB-A634-E9422F1994AA}.Release|x64.Build.0 = Release|Any CPU
		{FC8238F0-2F0B-4CD5-9F8C-194DFAFD78DC}.Debug|Any CPU.ActiveCfg = Debug|Any CPU
		{FC8238F0-2F0B-4CD5-9F8C-194DFAFD78DC}.Debug|Any CPU.Build.0 = Debug|Any CPU
		{FC8238F0-2F0B-4CD5-9F8C-194DFAFD78DC}.Debug|x64.ActiveCfg = Debug|Any CPU
		{FC8238F0-2F0B-4CD5-9F8C-194DFAFD78DC}.Debug|x64.Build.0 = Debug|Any CPU
		{FC8238F0-2F0B-4CD5-9F8C-194DFAFD78DC}.Release|Any CPU.ActiveCfg = Release|Any CPU
		{FC8238F0-2F0B-4CD5-9F8C-194DFAFD78DC}.Release|Any CPU.Build.0 = Release|Any CPU
		{FC8238F0-2F0B-4CD5-9F8C-194DFAFD78DC}.Release|x64.ActiveCfg = Release|Any CPU
		{FC8238F0-2F0B-4CD5-9F8C-194DFAFD78DC}.Release|x64.Build.0 = Release|Any CPU
		{66B76E78-C5D4-42B5-8CB6-8D0C6915EB55}.Debug|Any CPU.ActiveCfg = Debug|Any CPU
		{66B76E78-C5D4-42B5-8CB6-8D0C6915EB55}.Debug|Any CPU.Build.0 = Debug|Any CPU
		{66B76E78-C5D4-42B5-8CB6-8D0C6915EB55}.Debug|x64.ActiveCfg = Debug|Any CPU
		{66B76E78-C5D4-42B5-8CB6-8D0C6915EB55}.Debug|x64.Build.0 = Debug|Any CPU
		{66B76E78-C5D4-42B5-8CB6-8D0C6915EB55}.Release|Any CPU.ActiveCfg = Release|Any CPU
		{66B76E78-C5D4-42B5-8CB6-8D0C6915EB55}.Release|Any CPU.Build.0 = Release|Any CPU
		{66B76E78-C5D4-42B5-8CB6-8D0C6915EB55}.Release|x64.ActiveCfg = Release|Any CPU
		{66B76E78-C5D4-42B5-8CB6-8D0C6915EB55}.Release|x64.Build.0 = Release|Any CPU
		{FFA071AF-7B63-4753-A948-9153D7CAA343}.Debug|Any CPU.ActiveCfg = Debug|Any CPU
		{FFA071AF-7B63-4753-A948-9153D7CAA343}.Debug|Any CPU.Build.0 = Debug|Any CPU
		{FFA071AF-7B63-4753-A948-9153D7CAA343}.Debug|x64.ActiveCfg = Debug|Any CPU
		{FFA071AF-7B63-4753-A948-9153D7CAA343}.Debug|x64.Build.0 = Debug|Any CPU
		{FFA071AF-7B63-4753-A948-9153D7CAA343}.Release|Any CPU.ActiveCfg = Release|Any CPU
		{FFA071AF-7B63-4753-A948-9153D7CAA343}.Release|Any CPU.Build.0 = Release|Any CPU
		{FFA071AF-7B63-4753-A948-9153D7CAA343}.Release|x64.ActiveCfg = Release|Any CPU
		{FFA071AF-7B63-4753-A948-9153D7CAA343}.Release|x64.Build.0 = Release|Any CPU
		{542B9EA2-96A6-4443-B5F7-425065187B3F}.Debug|Any CPU.ActiveCfg = Debug|Any CPU
		{542B9EA2-96A6-4443-B5F7-425065187B3F}.Debug|Any CPU.Build.0 = Debug|Any CPU
		{542B9EA2-96A6-4443-B5F7-425065187B3F}.Debug|x64.ActiveCfg = Debug|Any CPU
		{542B9EA2-96A6-4443-B5F7-425065187B3F}.Debug|x64.Build.0 = Debug|Any CPU
		{542B9EA2-96A6-4443-B5F7-425065187B3F}.Release|Any CPU.ActiveCfg = Release|Any CPU
		{542B9EA2-96A6-4443-B5F7-425065187B3F}.Release|Any CPU.Build.0 = Release|Any CPU
		{542B9EA2-96A6-4443-B5F7-425065187B3F}.Release|x64.ActiveCfg = Release|Any CPU
		{542B9EA2-96A6-4443-B5F7-425065187B3F}.Release|x64.Build.0 = Release|Any CPU
		{9AEE89AE-FD7F-4823-BF57-81270B2726D7}.Debug|Any CPU.ActiveCfg = Debug|Any CPU
		{9AEE89AE-FD7F-4823-BF57-81270B2726D7}.Debug|Any CPU.Build.0 = Debug|Any CPU
		{9AEE89AE-FD7F-4823-BF57-81270B2726D7}.Debug|x64.ActiveCfg = Debug|Any CPU
		{9AEE89AE-FD7F-4823-BF57-81270B2726D7}.Debug|x64.Build.0 = Debug|Any CPU
		{9AEE89AE-FD7F-4823-BF57-81270B2726D7}.Release|Any CPU.ActiveCfg = Release|Any CPU
		{9AEE89AE-FD7F-4823-BF57-81270B2726D7}.Release|Any CPU.Build.0 = Release|Any CPU
		{9AEE89AE-FD7F-4823-BF57-81270B2726D7}.Release|x64.ActiveCfg = Release|Any CPU
		{9AEE89AE-FD7F-4823-BF57-81270B2726D7}.Release|x64.Build.0 = Release|Any CPU
		{C5064AE6-72A4-4D60-90A0-0CE2ED9134C7}.Debug|Any CPU.ActiveCfg = Debug|Any CPU
		{C5064AE6-72A4-4D60-90A0-0CE2ED9134C7}.Debug|Any CPU.Build.0 = Debug|Any CPU
		{C5064AE6-72A4-4D60-90A0-0CE2ED9134C7}.Debug|x64.ActiveCfg = Debug|Any CPU
		{C5064AE6-72A4-4D60-90A0-0CE2ED9134C7}.Debug|x64.Build.0 = Debug|Any CPU
		{C5064AE6-72A4-4D60-90A0-0CE2ED9134C7}.Release|Any CPU.ActiveCfg = Release|Any CPU
		{C5064AE6-72A4-4D60-90A0-0CE2ED9134C7}.Release|Any CPU.Build.0 = Release|Any CPU
		{C5064AE6-72A4-4D60-90A0-0CE2ED9134C7}.Release|x64.ActiveCfg = Release|Any CPU
		{C5064AE6-72A4-4D60-90A0-0CE2ED9134C7}.Release|x64.Build.0 = Release|Any CPU
		{D1AC80DC-1A65-4035-9AAF-82F2DBF1673C}.Debug|Any CPU.ActiveCfg = Debug|Any CPU
		{D1AC80DC-1A65-4035-9AAF-82F2DBF1673C}.Debug|Any CPU.Build.0 = Debug|Any CPU
		{D1AC80DC-1A65-4035-9AAF-82F2DBF1673C}.Debug|x64.ActiveCfg = Debug|Any CPU
		{D1AC80DC-1A65-4035-9AAF-82F2DBF1673C}.Debug|x64.Build.0 = Debug|Any CPU
		{D1AC80DC-1A65-4035-9AAF-82F2DBF1673C}.Release|Any CPU.ActiveCfg = Release|Any CPU
		{D1AC80DC-1A65-4035-9AAF-82F2DBF1673C}.Release|Any CPU.Build.0 = Release|Any CPU
		{D1AC80DC-1A65-4035-9AAF-82F2DBF1673C}.Release|x64.ActiveCfg = Release|Any CPU
		{D1AC80DC-1A65-4035-9AAF-82F2DBF1673C}.Release|x64.Build.0 = Release|Any CPU
		{5B5E654E-5837-48E8-B97C-92706BA17D0A}.Debug|Any CPU.ActiveCfg = Debug|Any CPU
		{5B5E654E-5837-48E8-B97C-92706BA17D0A}.Debug|Any CPU.Build.0 = Debug|Any CPU
		{5B5E654E-5837-48E8-B97C-92706BA17D0A}.Debug|x64.ActiveCfg = Debug|Any CPU
		{5B5E654E-5837-48E8-B97C-92706BA17D0A}.Debug|x64.Build.0 = Debug|Any CPU
		{5B5E654E-5837-48E8-B97C-92706BA17D0A}.Release|Any CPU.ActiveCfg = Release|Any CPU
		{5B5E654E-5837-48E8-B97C-92706BA17D0A}.Release|Any CPU.Build.0 = Release|Any CPU
		{5B5E654E-5837-48E8-B97C-92706BA17D0A}.Release|x64.ActiveCfg = Release|Any CPU
		{5B5E654E-5837-48E8-B97C-92706BA17D0A}.Release|x64.Build.0 = Release|Any CPU
	EndGlobalSection
	GlobalSection(SolutionProperties) = preSolution
		HideSolutionNode = FALSE
	EndGlobalSection
	GlobalSection(NestedProjects) = preSolution
		{D2BA6DA9-7EDC-4BEB-A9B6-17FE50E1BCA6} = {3D8556A2-9AC8-482C-97C6-06B065CDF04D}
		{D7E17942-A57E-4A43-AEF3-F9327B12C22C} = {3D8556A2-9AC8-482C-97C6-06B065CDF04D}
		{B13C7514-3AD2-498A-9C09-72D7ADFC31E1} = {D55736E7-15E8-4E4C-8095-71F78A1C0D79}
		{F39B9C44-0A10-462D-9067-5480F66F880B} = {D55736E7-15E8-4E4C-8095-71F78A1C0D79}
		{2360E5F6-E88E-4479-8F89-3E4919099581} = {74D2BFB9-5FA5-40EA-B959-2E8ADCF0C221}
		{8C94E19F-B918-4215-AE01-7564045760AE} = {FBED520D-8815-46BD-9A7C-3F495FE45A49}
		{77D21FC6-6155-49FB-A634-E9422F1994AA} = {FBED520D-8815-46BD-9A7C-3F495FE45A49}
		{FC8238F0-2F0B-4CD5-9F8C-194DFAFD78DC} = {FBED520D-8815-46BD-9A7C-3F495FE45A49}
		{66B76E78-C5D4-42B5-8CB6-8D0C6915EB55} = {2E553268-CDAD-40D9-85F1-73381ABE06CC}
		{FFA071AF-7B63-4753-A948-9153D7CAA343} = {2E553268-CDAD-40D9-85F1-73381ABE06CC}
		{542B9EA2-96A6-4443-B5F7-425065187B3F} = {2E553268-CDAD-40D9-85F1-73381ABE06CC}
		{9AEE89AE-FD7F-4823-BF57-81270B2726D7} = {2E553268-CDAD-40D9-85F1-73381ABE06CC}
		{C5064AE6-72A4-4D60-90A0-0CE2ED9134C7} = {D55736E7-15E8-4E4C-8095-71F78A1C0D79}
		{D1AC80DC-1A65-4035-9AAF-82F2DBF1673C} = {2E553268-CDAD-40D9-85F1-73381ABE06CC}
		{5B5E654E-5837-48E8-B97C-92706BA17D0A} = {2E553268-CDAD-40D9-85F1-73381ABE06CC}
	EndGlobalSection
	GlobalSection(ExtensibilityGlobals) = postSolution
		SolutionGuid = {D1F6194D-3D2F-4BDB-AF94-188DF194EF8F}
	EndGlobalSection
EndGlobal
